
Microsoft Visual Studio Solution File, Format Version 12.00
# Visual Studio Version 16
VisualStudioVersion = 16.0.31613.86
MinimumVisualStudioVersion = 10.0.40219.1
Project("{FAE04EC0-301F-11D3-BF4B-00C04F79EFBC}") = "FutureValue", "FutureValue.csproj", "{4A9EBC34-25D1-401F-B66D-A6AAA4363EA2}"
EndProject
Global
	GlobalSection(SolutionConfigurationPlatforms) = preSolution
		Debug|Any CPU = Debug|Any CPU
		Release|Any CPU = Release|Any CPU
	EndGlobalSection
	GlobalSection(ProjectConfigurationPlatforms) = postSolution
		{4A9EBC34-25D1-401F-B66D-A6AAA4363EA2}.Debug|Any CPU.ActiveCfg = Debug|Any CPU
		{4A9EBC34-25D1-401F-B66D-A6AAA4363EA2}.Debug|Any CPU.Build.0 = Debug|Any CPU
		{4A9EBC34-25D1-401F-B66D-A6AAA4363EA2}.Release|Any CPU.ActiveCfg = Release|Any CPU
		{4A9EBC34-25D1-401F-B66D-A6AAA4363EA2}.Release|Any CPU.Build.0 = Release|Any CPU
	EndGlobalSection
	GlobalSection(SolutionProperties) = preSolution
		HideSolutionNode = FALSE
	EndGlobalSection
	GlobalSection(ExtensibilityGlobals) = postSolution
		SolutionGuid = {98AF5051-34E7-4D2C-81FC-30AC8239C708}
	EndGlobalSection
EndGlobal
